
Microsoft Visual Studio Solution File, Format Version 12.00
# Visual Studio Version 16
VisualStudioVersion = 16.0.29411.108
MinimumVisualStudioVersion = 10.0.40219.1
Project("{FAE04EC0-301F-11D3-BF4B-00C04F79EFBC}") = "Rabbits", "Rabbits\Rabbits.csproj", "{600857EA-92C3-49E3-9FB1-AF491AAFB6E7}"
EndProject
Global
	GlobalSection(SolutionConfigurationPlatforms) = preSolution
		Debug|Any CPU = Debug|Any CPU
		Release|Any CPU = Release|Any CPU
	EndGlobalSection
	GlobalSection(ProjectConfigurationPlatforms) = postSolution
		{600857EA-92C3-49E3-9FB1-AF491AAFB6E7}.Debug|Any CPU.ActiveCfg = Debug|Any CPU
		{600857EA-92C3-49E3-9FB1-AF491AAFB6E7}.Debug|Any CPU.Build.0 = Debug|Any CPU
		{600857EA-92C3-49E3-9FB1-AF491AAFB6E7}.Release|Any CPU.ActiveCfg = Release|Any CPU
		{600857EA-92C3-49E3-9FB1-AF491AAFB6E7}.Release|Any CPU.Build.0 = Release|Any CPU
	EndGlobalSection
	GlobalSection(SolutionProperties) = preSolution
		HideSolutionNode = FALSE
	EndGlobalSection
	GlobalSection(ExtensibilityGlobals) = postSolution
		SolutionGuid = {7EE7BE7A-6FF3-41D7-93B5-AABE87FB4A44}
	EndGlobalSection
EndGlobal
