
Microsoft Visual Studio Solution File, Format Version 12.00
# Visual Studio Version 16
VisualStudioVersion = 16.0.29215.179
MinimumVisualStudioVersion = 10.0.40219.1
Project("{FAE04EC0-301F-11D3-BF4B-00C04F79EFBC}") = "Problem 10.   Predicate Party!", "Problem 10.   Predicate Party!\Problem 10.   Predicate Party!.csproj", "{5E0A6CA5-D800-447D-9D5C-1D4834465F7A}"
EndProject
Global
	GlobalSection(SolutionConfigurationPlatforms) = preSolution
		Debug|Any CPU = Debug|Any CPU
		Release|Any CPU = Release|Any CPU
	EndGlobalSection
	GlobalSection(ProjectConfigurationPlatforms) = postSolution
		{5E0A6CA5-D800-447D-9D5C-1D4834465F7A}.Debug|Any CPU.ActiveCfg = Debug|Any CPU
		{5E0A6CA5-D800-447D-9D5C-1D4834465F7A}.Debug|Any CPU.Build.0 = Debug|Any CPU
		{5E0A6CA5-D800-447D-9D5C-1D4834465F7A}.Release|Any CPU.ActiveCfg = Release|Any CPU
		{5E0A6CA5-D800-447D-9D5C-1D4834465F7A}.Release|Any CPU.Build.0 = Release|Any CPU
	EndGlobalSection
	GlobalSection(SolutionProperties) = preSolution
		HideSolutionNode = FALSE
	EndGlobalSection
	GlobalSection(ExtensibilityGlobals) = postSolution
		SolutionGuid = {C70F3C1E-B7B9-425E-9C54-6E9CB0C432A8}
	EndGlobalSection
EndGlobal
