
Microsoft Visual Studio Solution File, Format Version 12.00
# Visual Studio Version 16
VisualStudioVersion = 16.0.29215.179
MinimumVisualStudioVersion = 10.0.40219.1
Project("{FAE04EC0-301F-11D3-BF4B-00C04F79EFBC}") = "Problem 2. Knights of Honor", "Problem 2. Knights of Honor\Problem 2. Knights of Honor.csproj", "{B018B3C6-BFD3-4E6F-8321-D10DEA6E4A3C}"
EndProject
Global
	GlobalSection(SolutionConfigurationPlatforms) = preSolution
		Debug|Any CPU = Debug|Any CPU
		Release|Any CPU = Release|Any CPU
	EndGlobalSection
	GlobalSection(ProjectConfigurationPlatforms) = postSolution
		{B018B3C6-BFD3-4E6F-8321-D10DEA6E4A3C}.Debug|Any CPU.ActiveCfg = Debug|Any CPU
		{B018B3C6-BFD3-4E6F-8321-D10DEA6E4A3C}.Debug|Any CPU.Build.0 = Debug|Any CPU
		{B018B3C6-BFD3-4E6F-8321-D10DEA6E4A3C}.Release|Any CPU.ActiveCfg = Release|Any CPU
		{B018B3C6-BFD3-4E6F-8321-D10DEA6E4A3C}.Release|Any CPU.Build.0 = Release|Any CPU
	EndGlobalSection
	GlobalSection(SolutionProperties) = preSolution
		HideSolutionNode = FALSE
	EndGlobalSection
	GlobalSection(ExtensibilityGlobals) = postSolution
		SolutionGuid = {14805662-B28E-4AC7-943B-7B7AE78D1DC7}
	EndGlobalSection
EndGlobal
