
Microsoft Visual Studio Solution File, Format Version 12.00
# Visual Studio Version 16
VisualStudioVersion = 16.0.29215.179
MinimumVisualStudioVersion = 10.0.40219.1
Project("{FAE04EC0-301F-11D3-BF4B-00C04F79EFBC}") = "Problem 5. Applied Arithmetics", "Problem 5. Applied Arithmetics\Problem 5. Applied Arithmetics.csproj", "{870198A7-8B36-4730-A487-C51D87A9E166}"
EndProject
Global
	GlobalSection(SolutionConfigurationPlatforms) = preSolution
		Debug|Any CPU = Debug|Any CPU
		Release|Any CPU = Release|Any CPU
	EndGlobalSection
	GlobalSection(ProjectConfigurationPlatforms) = postSolution
		{870198A7-8B36-4730-A487-C51D87A9E166}.Debug|Any CPU.ActiveCfg = Debug|Any CPU
		{870198A7-8B36-4730-A487-C51D87A9E166}.Debug|Any CPU.Build.0 = Debug|Any CPU
		{870198A7-8B36-4730-A487-C51D87A9E166}.Release|Any CPU.ActiveCfg = Release|Any CPU
		{870198A7-8B36-4730-A487-C51D87A9E166}.Release|Any CPU.Build.0 = Release|Any CPU
	EndGlobalSection
	GlobalSection(SolutionProperties) = preSolution
		HideSolutionNode = FALSE
	EndGlobalSection
	GlobalSection(ExtensibilityGlobals) = postSolution
		SolutionGuid = {A8C8FC73-7241-4878-B192-990EB9D9BA8B}
	EndGlobalSection
EndGlobal
