
Microsoft Visual Studio Solution File, Format Version 12.00
# Visual Studio Version 16
VisualStudioVersion = 16.0.29215.179
MinimumVisualStudioVersion = 10.0.40219.1
Project("{FAE04EC0-301F-11D3-BF4B-00C04F79EFBC}") = "Problem 3. Periodic Table", "Problem 3. Periodic Table\Problem 3. Periodic Table.csproj", "{E12B4192-A3A1-43D6-9B2F-5B800DCD5A46}"
EndProject
Global
	GlobalSection(SolutionConfigurationPlatforms) = preSolution
		Debug|Any CPU = Debug|Any CPU
		Release|Any CPU = Release|Any CPU
	EndGlobalSection
	GlobalSection(ProjectConfigurationPlatforms) = postSolution
		{E12B4192-A3A1-43D6-9B2F-5B800DCD5A46}.Debug|Any CPU.ActiveCfg = Debug|Any CPU
		{E12B4192-A3A1-43D6-9B2F-5B800DCD5A46}.Debug|Any CPU.Build.0 = Debug|Any CPU
		{E12B4192-A3A1-43D6-9B2F-5B800DCD5A46}.Release|Any CPU.ActiveCfg = Release|Any CPU
		{E12B4192-A3A1-43D6-9B2F-5B800DCD5A46}.Release|Any CPU.Build.0 = Release|Any CPU
	EndGlobalSection
	GlobalSection(SolutionProperties) = preSolution
		HideSolutionNode = FALSE
	EndGlobalSection
	GlobalSection(ExtensibilityGlobals) = postSolution
		SolutionGuid = {39F696AB-75A8-4728-879B-F7A83ED4C240}
	EndGlobalSection
EndGlobal
