
Microsoft Visual Studio Solution File, Format Version 12.00
# Visual Studio Version 16
VisualStudioVersion = 16.0.29215.179
MinimumVisualStudioVersion = 10.0.40219.1
Project("{FAE04EC0-301F-11D3-BF4B-00C04F79EFBC}") = "4. Even Times", "4. Even Times\4. Even Times.csproj", "{7640AE19-7BA4-41C3-AFE0-22304830A068}"
EndProject
Global
	GlobalSection(SolutionConfigurationPlatforms) = preSolution
		Debug|Any CPU = Debug|Any CPU
		Release|Any CPU = Release|Any CPU
	EndGlobalSection
	GlobalSection(ProjectConfigurationPlatforms) = postSolution
		{7640AE19-7BA4-41C3-AFE0-22304830A068}.Debug|Any CPU.ActiveCfg = Debug|Any CPU
		{7640AE19-7BA4-41C3-AFE0-22304830A068}.Debug|Any CPU.Build.0 = Debug|Any CPU
		{7640AE19-7BA4-41C3-AFE0-22304830A068}.Release|Any CPU.ActiveCfg = Release|Any CPU
		{7640AE19-7BA4-41C3-AFE0-22304830A068}.Release|Any CPU.Build.0 = Release|Any CPU
	EndGlobalSection
	GlobalSection(SolutionProperties) = preSolution
		HideSolutionNode = FALSE
	EndGlobalSection
	GlobalSection(ExtensibilityGlobals) = postSolution
		SolutionGuid = {F76F480A-1903-42B9-8FE1-F4F615B45567}
	EndGlobalSection
EndGlobal
