
Microsoft Visual Studio Solution File, Format Version 12.00
# Visual Studio Version 16
VisualStudioVersion = 16.0.29215.179
MinimumVisualStudioVersion = 10.0.40219.1
Project("{FAE04EC0-301F-11D3-BF4B-00C04F79EFBC}") = "1. Diagonal Difference", "1. Diagonal Difference\1. Diagonal Difference.csproj", "{6E4D49B8-A80D-4C13-B064-EE55055C47B2}"
EndProject
Global
	GlobalSection(SolutionConfigurationPlatforms) = preSolution
		Debug|Any CPU = Debug|Any CPU
		Release|Any CPU = Release|Any CPU
	EndGlobalSection
	GlobalSection(ProjectConfigurationPlatforms) = postSolution
		{6E4D49B8-A80D-4C13-B064-EE55055C47B2}.Debug|Any CPU.ActiveCfg = Debug|Any CPU
		{6E4D49B8-A80D-4C13-B064-EE55055C47B2}.Debug|Any CPU.Build.0 = Debug|Any CPU
		{6E4D49B8-A80D-4C13-B064-EE55055C47B2}.Release|Any CPU.ActiveCfg = Release|Any CPU
		{6E4D49B8-A80D-4C13-B064-EE55055C47B2}.Release|Any CPU.Build.0 = Release|Any CPU
	EndGlobalSection
	GlobalSection(SolutionProperties) = preSolution
		HideSolutionNode = FALSE
	EndGlobalSection
	GlobalSection(ExtensibilityGlobals) = postSolution
		SolutionGuid = {0930B53A-55D8-45E2-B5AD-815638976C82}
	EndGlobalSection
EndGlobal
