
Microsoft Visual Studio Solution File, Format Version 12.00
# Visual Studio Version 16
VisualStudioVersion = 16.0.29215.179
MinimumVisualStudioVersion = 10.0.40219.1
Project("{FAE04EC0-301F-11D3-BF4B-00C04F79EFBC}") = "Problem 4. Find Evens or Odds", "Problem 4. Find Evens or Odds\Problem 4. Find Evens or Odds.csproj", "{2565AC34-3F98-404D-B53B-67DD616AE0A1}"
EndProject
Global
	GlobalSection(SolutionConfigurationPlatforms) = preSolution
		Debug|Any CPU = Debug|Any CPU
		Release|Any CPU = Release|Any CPU
	EndGlobalSection
	GlobalSection(ProjectConfigurationPlatforms) = postSolution
		{2565AC34-3F98-404D-B53B-67DD616AE0A1}.Debug|Any CPU.ActiveCfg = Debug|Any CPU
		{2565AC34-3F98-404D-B53B-67DD616AE0A1}.Debug|Any CPU.Build.0 = Debug|Any CPU
		{2565AC34-3F98-404D-B53B-67DD616AE0A1}.Release|Any CPU.ActiveCfg = Release|Any CPU
		{2565AC34-3F98-404D-B53B-67DD616AE0A1}.Release|Any CPU.Build.0 = Release|Any CPU
	EndGlobalSection
	GlobalSection(SolutionProperties) = preSolution
		HideSolutionNode = FALSE
	EndGlobalSection
	GlobalSection(ExtensibilityGlobals) = postSolution
		SolutionGuid = {80D8149B-A03C-4590-84B0-1EE84B13C3BA}
	EndGlobalSection
EndGlobal
