
Microsoft Visual Studio Solution File, Format Version 12.00
# Visual Studio Version 16
VisualStudioVersion = 16.0.29215.179
MinimumVisualStudioVersion = 10.0.40219.1
Project("{FAE04EC0-301F-11D3-BF4B-00C04F79EFBC}") = "10.  Crossroads", "10.  Crossroads\10.  Crossroads.csproj", "{62ACB207-DA53-4E22-9FF3-ACFB92F9F7C5}"
EndProject
Global
	GlobalSection(SolutionConfigurationPlatforms) = preSolution
		Debug|Any CPU = Debug|Any CPU
		Release|Any CPU = Release|Any CPU
	EndGlobalSection
	GlobalSection(ProjectConfigurationPlatforms) = postSolution
		{62ACB207-DA53-4E22-9FF3-ACFB92F9F7C5}.Debug|Any CPU.ActiveCfg = Debug|Any CPU
		{62ACB207-DA53-4E22-9FF3-ACFB92F9F7C5}.Debug|Any CPU.Build.0 = Debug|Any CPU
		{62ACB207-DA53-4E22-9FF3-ACFB92F9F7C5}.Release|Any CPU.ActiveCfg = Release|Any CPU
		{62ACB207-DA53-4E22-9FF3-ACFB92F9F7C5}.Release|Any CPU.Build.0 = Release|Any CPU
	EndGlobalSection
	GlobalSection(SolutionProperties) = preSolution
		HideSolutionNode = FALSE
	EndGlobalSection
	GlobalSection(ExtensibilityGlobals) = postSolution
		SolutionGuid = {1973F481-DC05-4678-AD02-D85B8ED66060}
	EndGlobalSection
EndGlobal
