
Microsoft Visual Studio Solution File, Format Version 12.00
# Visual Studio Version 16
VisualStudioVersion = 16.0.29411.108
MinimumVisualStudioVersion = 10.0.40219.1
Project("{FAE04EC0-301F-11D3-BF4B-00C04F79EFBC}") = "1. Dating App", "1. Dating App\1. Dating App.csproj", "{29BE62C7-B1CD-4B1D-A064-EF76C5F81904}"
EndProject
Global
	GlobalSection(SolutionConfigurationPlatforms) = preSolution
		Debug|Any CPU = Debug|Any CPU
		Release|Any CPU = Release|Any CPU
	EndGlobalSection
	GlobalSection(ProjectConfigurationPlatforms) = postSolution
		{29BE62C7-B1CD-4B1D-A064-EF76C5F81904}.Debug|Any CPU.ActiveCfg = Debug|Any CPU
		{29BE62C7-B1CD-4B1D-A064-EF76C5F81904}.Debug|Any CPU.Build.0 = Debug|Any CPU
		{29BE62C7-B1CD-4B1D-A064-EF76C5F81904}.Release|Any CPU.ActiveCfg = Release|Any CPU
		{29BE62C7-B1CD-4B1D-A064-EF76C5F81904}.Release|Any CPU.Build.0 = Release|Any CPU
	EndGlobalSection
	GlobalSection(SolutionProperties) = preSolution
		HideSolutionNode = FALSE
	EndGlobalSection
	GlobalSection(ExtensibilityGlobals) = postSolution
		SolutionGuid = {894560E9-8112-42B7-A8F1-C7A9FFDF1B05}
	EndGlobalSection
EndGlobal
