
Microsoft Visual Studio Solution File, Format Version 12.00
# Visual Studio Version 16
VisualStudioVersion = 16.0.29215.179
MinimumVisualStudioVersion = 10.0.40219.1
Project("{FAE04EC0-301F-11D3-BF4B-00C04F79EFBC}") = "6. Wardrobe", "6. Wardrobe\6. Wardrobe.csproj", "{F6FF599B-C40B-42C2-BCB3-8586C51D5007}"
EndProject
Global
	GlobalSection(SolutionConfigurationPlatforms) = preSolution
		Debug|Any CPU = Debug|Any CPU
		Release|Any CPU = Release|Any CPU
	EndGlobalSection
	GlobalSection(ProjectConfigurationPlatforms) = postSolution
		{F6FF599B-C40B-42C2-BCB3-8586C51D5007}.Debug|Any CPU.ActiveCfg = Debug|Any CPU
		{F6FF599B-C40B-42C2-BCB3-8586C51D5007}.Debug|Any CPU.Build.0 = Debug|Any CPU
		{F6FF599B-C40B-42C2-BCB3-8586C51D5007}.Release|Any CPU.ActiveCfg = Release|Any CPU
		{F6FF599B-C40B-42C2-BCB3-8586C51D5007}.Release|Any CPU.Build.0 = Release|Any CPU
	EndGlobalSection
	GlobalSection(SolutionProperties) = preSolution
		HideSolutionNode = FALSE
	EndGlobalSection
	GlobalSection(ExtensibilityGlobals) = postSolution
		SolutionGuid = {62067DAF-2610-41F8-AFFD-B657B2BDA28B}
	EndGlobalSection
EndGlobal
